// !$*UTF8*$!
{
	archiveVersion = 1;
	classes = {
	};
	objectVersion = 46;
	objects = {

/* Begin PBXBuildFile section */
		AE0296021CA5104A002F287E /* PinkMonsterImg.swift in Sources */ = {isa = PBXBuildFile; fileRef = AE0296011CA5104A002F287E /* PinkMonsterImg.swift */; };
		AE5FA4171CA42BA10002CBEF /* DragImage.swift in Sources */ = {isa = PBXBuildFile; fileRef = AE5FA4161CA42BA10002CBEF /* DragImage.swift */; };
		AE5FA4191CA431E40002CBEF /* MonsterImg.swift in Sources */ = {isa = PBXBuildFile; fileRef = AE5FA4181CA431E40002CBEF /* MonsterImg.swift */; };
		AEA630311CA25E59001E41BB /* AppDelegate.swift in Sources */ = {isa = PBXBuildFile; fileRef = AEA630301CA25E59001E41BB /* AppDelegate.swift */; };
		AEA630331CA25E59001E41BB /* ViewController.swift in Sources */ = {isa = PBXBuildFile; fileRef = AEA630321CA25E59001E41BB /* ViewController.swift */; };
		AEA630361CA25E59001E41BB /* Main.storyboard in Resources */ = {isa = PBXBuildFile; fileRef = AEA630341CA25E59001E41BB /* Main.storyboard */; };
		AEA630381CA25E59001E41BB /* Assets.xcassets in Resources */ = {isa = PBXBuildFile; fileRef = AEA630371CA25E59001E41BB /* Assets.xcassets */; };
		AEA6303B1CA25E59001E41BB /* LaunchScreen.storyboard in Resources */ = {isa = PBXBuildFile; fileRef = AEA630391CA25E59001E41BB /* LaunchScreen.storyboard */; };
		AEB0639F1CA4F01E00B17473 /* bite.wav in Resources */ = {isa = PBXBuildFile; fileRef = AEB0639A1CA4F01E00B17473 /* bite.wav */; };
		AEB063A01CA4F01E00B17473 /* cave-music.mp3 in Resources */ = {isa = PBXBuildFile; fileRef = AEB0639B1CA4F01E00B17473 /* cave-music.mp3 */; };
		AEB063A11CA4F01E00B17473 /* death.wav in Resources */ = {isa = PBXBuildFile; fileRef = AEB0639C1CA4F01E00B17473 /* death.wav */; };
		AEB063A21CA4F01E00B17473 /* heart.wav in Resources */ = {isa = PBXBuildFile; fileRef = AEB0639D1CA4F01E00B17473 /* heart.wav */; };
		AEB063A31CA4F01E00B17473 /* skull.wav in Resources */ = {isa = PBXBuildFile; fileRef = AEB0639E1CA4F01E00B17473 /* skull.wav */; };
/* End PBXBuildFile section */

/* Begin PBXFileReference section */
		AE0296011CA5104A002F287E /* PinkMonsterImg.swift */ = {isa = PBXFileReference; fileEncoding = 4; lastKnownFileType = sourcecode.swift; path = PinkMonsterImg.swift; sourceTree = "<group>"; };
		AE5FA4161CA42BA10002CBEF /* DragImage.swift */ = {isa = PBXFileReference; fileEncoding = 4; lastKnownFileType = sourcecode.swift; path = DragImage.swift; sourceTree = "<group>"; };
		AE5FA4181CA431E40002CBEF /* MonsterImg.swift */ = {isa = PBXFileReference; fileEncoding = 4; lastKnownFileType = sourcecode.swift; path = MonsterImg.swift; sourceTree = "<group>"; };
		AEA6302D1CA25E59001E41BB /* my-little-monster.app */ = {isa = PBXFileReference; explicitFileType = wrapper.application; includeInIndex = 0; path = "my-little-monster.app"; sourceTree = BUILT_PRODUCTS_DIR; };
		AEA630301CA25E59001E41BB /* AppDelegate.swift */ = {isa = PBXFileReference; lastKnownFileType = sourcecode.swift; path = AppDelegate.swift; sourceTree = "<group>"; };
		AEA630321CA25E59001E41BB /* ViewController.swift */ = {isa = PBXFileReference; lastKnownFileType = sourcecode.swift; path = ViewController.swift; sourceTree = "<group>"; };
		AEA630351CA25E59001E41BB /* Base */ = {isa = PBXFileReference; lastKnownFileType = file.storyboard; name = Base; path = Base.lproj/Main.storyboard; sourceTree = "<group>"; };
		AEA630371CA25E59001E41BB /* Assets.xcassets */ = {isa = PBXFileReference; lastKnownFileType = folder.assetcatalog; path = Assets.xcassets; sourceTree = "<group>"; };
		AEA6303A1CA25E59001E41BB /* Base */ = {isa = PBXFileReference; lastKnownFileType = file.storyboard; name = Base; path = Base.lproj/LaunchScreen.storyboard; sourceTree = "<group>"; };
		AEA6303C1CA25E59001E41BB /* Info.plist */ = {isa = PBXFileReference; lastKnownFileType = text.plist.xml; path = Info.plist; sourceTree = "<group>"; };
		AEB0639A1CA4F01E00B17473 /* bite.wav */ = {isa = PBXFileReference; lastKnownFileType = audio.wav; path = bite.wav; sourceTree = "<group>"; };
		AEB0639B1CA4F01E00B17473 /* cave-music.mp3 */ = {isa = PBXFileReference; lastKnownFileType = audio.mp3; path = "cave-music.mp3"; sourceTree = "<group>"; };
		AEB0639C1CA4F01E00B17473 /* death.wav */ = {isa = PBXFileReference; lastKnownFileType = audio.wav; path = death.wav; sourceTree = "<group>"; };
		AEB0639D1CA4F01E00B17473 /* heart.wav */ = {isa = PBXFileReference; lastKnownFileType = audio.wav; path = heart.wav; sourceTree = "<group>"; };
		AEB0639E1CA4F01E00B17473 /* skull.wav */ = {isa = PBXFileReference; lastKnownFileType = audio.wav; path = skull.wav; sourceTree = "<group>"; };
/* End PBXFileReference section */

/* Begin PBXFrameworksBuildPhase section */
		AEA6302A1CA25E59001E41BB /* Frameworks */ = {
			isa = PBXFrameworksBuildPhase;
			buildActionMask = 2147483647;
			files = (
			);
			runOnlyForDeploymentPostprocessing = 0;
		};
/* End PBXFrameworksBuildPhase section */

/* Begin PBXGroup section */
		AEA630241CA25E59001E41BB = {
			isa = PBXGroup;
			children = (
				AEA6302F1CA25E59001E41BB /* my-little-monster */,
				AEA6302E1CA25E59001E41BB /* Products */,
			);
			sourceTree = "<group>";
		};
		AEA6302E1CA25E59001E41BB /* Products */ = {
			isa = PBXGroup;
			children = (
				AEA6302D1CA25E59001E41BB /* my-little-monster.app */,
			);
			name = Products;
			sourceTree = "<group>";
		};
		AEA6302F1CA25E59001E41BB /* my-little-monster */ = {
			isa = PBXGroup;
			children = (
				AEB0639A1CA4F01E00B17473 /* bite.wav */,
				AEB0639B1CA4F01E00B17473 /* cave-music.mp3 */,
				AEB0639C1CA4F01E00B17473 /* death.wav */,
				AEB0639D1CA4F01E00B17473 /* heart.wav */,
				AEB0639E1CA4F01E00B17473 /* skull.wav */,
				AEA630301CA25E59001E41BB /* AppDelegate.swift */,
				AEA630321CA25E59001E41BB /* ViewController.swift */,
				AEA630341CA25E59001E41BB /* Main.storyboard */,
				AEA630371CA25E59001E41BB /* Assets.xcassets */,
				AEA630391CA25E59001E41BB /* LaunchScreen.storyboard */,
				AEA6303C1CA25E59001E41BB /* Info.plist */,
				AE5FA4161CA42BA10002CBEF /* DragImage.swift */,
				AE5FA4181CA431E40002CBEF /* MonsterImg.swift */,
				AE0296011CA5104A002F287E /* PinkMonsterImg.swift */,
			);
			path = "my-little-monster";
			sourceTree = "<group>";
		};
/* End PBXGroup section */

/* Begin PBXNativeTarget section */
		AEA6302C1CA25E59001E41BB /* my-little-monster */ = {
			isa = PBXNativeTarget;
			buildConfigurationList = AEA6303F1CA25E59001E41BB /* Build configuration list for PBXNativeTarget "my-little-monster" */;
			buildPhases = (
				AEA630291CA25E59001E41BB /* Sources */,
				AEA6302A1CA25E59001E41BB /* Frameworks */,
				AEA6302B1CA25E59001E41BB /* Resources */,
			);
			buildRules = (
			);
			dependencies = (
			);
			name = "my-little-monster";
			productName = "my-little-monster";
			productReference = AEA6302D1CA25E59001E41BB /* my-little-monster.app */;
			productType = "com.apple.product-type.application";
		};
/* End PBXNativeTarget section */

/* Begin PBXProject section */
		AEA630251CA25E59001E41BB /* Project object */ = {
			isa = PBXProject;
			attributes = {
				LastSwiftUpdateCheck = 0720;
				LastUpgradeCheck = 0720;
				ORGANIZATIONNAME = "Eddie Keller";
				TargetAttributes = {
					AEA6302C1CA25E59001E41BB = {
						CreatedOnToolsVersion = 7.2.1;
					};
				};
			};
			buildConfigurationList = AEA630281CA25E59001E41BB /* Build configuration list for PBXProject "my-little-monster" */;
			compatibilityVersion = "Xcode 3.2";
			developmentRegion = English;
			hasScannedForEncodings = 0;
			knownRegions = (
				en,
				Base,
			);
			mainGroup = AEA630241CA25E59001E41BB;
			productRefGroup = AEA6302E1CA25E59001E41BB /* Products */;
			projectDirPath = "";
			projectRoot = "";
			targets = (
				AEA6302C1CA25E59001E41BB /* my-little-monster */,
			);
		};
/* End PBXProject section */

/* Begin PBXResourcesBuildPhase section */
		AEA6302B1CA25E59001E41BB /* Resources */ = {
			isa = PBXResourcesBuildPhase;
			buildActionMask = 2147483647;
			files = (
				AEB063A31CA4F01E00B17473 /* skull.wav in Resources */,
				AEB0639F1CA4F01E00B17473 /* bite.wav in Resources */,
				AEB063A11CA4F01E00B17473 /* death.wav in Resources */,
				AEB063A21CA4F01E00B17473 /* heart.wav in Resources */,
				AEB063A01CA4F01E00B17473 /* cave-music.mp3 in Resources */,
				AEA6303B1CA25E59001E41BB /* LaunchScreen.storyboard in Resources */,
				AEA630381CA25E59001E41BB /* Assets.xcassets in Resources */,
				AEA630361CA25E59001E41BB /* Main.storyboard in Resources */,
			);
			runOnlyForDeploymentPostprocessing = 0;
		};
/* End PBXResourcesBuildPhase section */

/* Begin PBXSourcesBuildPhase section */
		AEA630291CA25E59001E41BB /* Sources */ = {
			isa = PBXSourcesBuildPhase;
			buildActionMask = 2147483647;
			files = (
				AE5FA4191CA431E40002CBEF /* MonsterImg.swift in Sources */,
				AEA630331CA25E59001E41BB /* ViewController.swift in Sources */,
				AE0296021CA5104A002F287E /* PinkMonsterImg.swift in Sources */,
				AE5FA4171CA42BA10002CBEF /* DragImage.swift in Sources */,
				AEA630311CA25E59001E41BB /* AppDelegate.swift in Sources */,
			);
			runOnlyForDeploymentPostprocessing = 0;
		};
/* End PBXSourcesBuildPhase section */

/* Begin PBXVariantGroup section */
		AEA630341CA25E59001E41BB /* Main.storyboard */ = {
			isa = PBXVariantGroup;
			children = (
				AEA630351CA25E59001E41BB /* Base */,
			);
			name = Main.storyboard;
			sourceTree = "<group>";
		};
		AEA630391CA25E59001E41BB /* LaunchScreen.storyboard */ = {
			isa = PBXVariantGroup;
			children = (
				AEA6303A1CA25E59001E41BB /* Base */,
			);
			name = LaunchScreen.storyboard;
			sourceTree = "<group>";
		};
/* End PBXVariantGroup section */

/* Begin XCBuildConfiguration section */
		AEA6303D1CA25E59001E41BB /* Debug */ = {
			isa = XCBuildConfiguration;
			buildSettings = {
				ALWAYS_SEARCH_USER_PATHS = NO;
				CLANG_CXX_LANGUAGE_STANDARD = "gnu++0x";
				CLANG_CXX_LIBRARY = "libc++";
				CLANG_ENABLE_MODULES = YES;
				CLANG_ENABLE_OBJC_ARC = YES;
				CLANG_WARN_BOOL_CONVERSION = YES;
				CLANG_WARN_CONSTANT_CONVERSION = YES;
				CLANG_WARN_DIRECT_OBJC_ISA_USAGE = YES_ERROR;
				CLANG_WARN_EMPTY_BODY = YES;
				CLANG_WARN_ENUM_CONVERSION = YES;
				CLANG_WARN_INT_CONVERSION = YES;
				CLANG_WARN_OBJC_ROOT_CLASS = YES_ERROR;
				CLANG_WARN_UNREACHABLE_CODE = YES;
				CLANG_WARN__DUPLICATE_METHOD_MATCH = YES;
				"CODE_SIGN_IDENTITY[sdk=iphoneos*]" = "iPhone Developer";
				COPY_PHASE_STRIP = NO;
				DEBUG_INFORMATION_FORMAT = dwarf;
				ENABLE_STRICT_OBJC_MSGSEND = YES;
				ENABLE_TESTABILITY = YES;
				GCC_C_LANGUAGE_STANDARD = gnu99;
				GCC_DYNAMIC_NO_PIC = NO;
				GCC_NO_COMMON_BLOCKS = YES;
				GCC_OPTIMIZATION_LEVEL = 0;
				GCC_PREPROCESSOR_DEFINITIONS = (
					"DEBUG=1",
					"$(inherited)",
				);
				GCC_WARN_64_TO_32_BIT_CONVERSION = YES;
				GCC_WARN_ABOUT_RETURN_TYPE = YES_ERROR;
				GCC_WARN_UNDECLARED_SELECTOR = YES;
				GCC_WARN_UNINITIALIZED_AUTOS = YES_AGGRESSIVE;
				GCC_WARN_UNUSED_FUNCTION = YES;
				GCC_WARN_UNUSED_VARIABLE = YES;
				IPHONEOS_DEPLOYMENT_TARGET = 9.2;
				MTL_ENABLE_DEBUG_INFO = YES;
				ONLY_ACTIVE_ARCH = YES;
				SDKROOT = iphoneos;
				SWIFT_OPTIMIZATION_LEVEL = "-Onone";
				TARGETED_DEVICE_FAMILY = "1,2";
			};
			name = Debug;
		};
		AEA6303E1CA25E59001E41BB /* Release */ = {
			isa = XCBuildConfiguration;
			buildSettings = {
				ALWAYS_SEARCH_USER_PATHS = NO;
				CLANG_CXX_LANGUAGE_STANDARD = "gnu++0x";
				CLANG_CXX_LIBRARY = "libc++";
				CLANG_ENABLE_MODULES = YES;
				CLANG_ENABLE_OBJC_ARC = YES;
				CLANG_WARN_BOOL_CONVERSION = YES;
				CLANG_WARN_CONSTANT_CONVERSION = YES;
				CLANG_WARN_DIRECT_OBJC_ISA_USAGE = YES_ERROR;
				CLANG_WARN_EMPTY_BODY = YES;
				CLANG_WARN_ENUM_CONVERSION = YES;
				CLANG_WARN_INT_CONVERSION = YES;
				CLANG_WARN_OBJC_ROOT_CLASS = YES_ERROR;
				CLANG_WARN_UNREACHABLE_CODE = YES;
				CLANG_WARN__DUPLICATE_METHOD_MATCH = YES;
				"CODE_SIGN_IDENTITY[sdk=iphoneos*]" = "iPhone Developer";
				COPY_PHASE_STRIP = NO;
				DEBUG_INFORMATION_FORMAT = "dwarf-with-dsym";
				ENABLE_NS_ASSERTIONS = NO;
				ENABLE_STRICT_OBJC_MSGSEND = YES;
				GCC_C_LANGUAGE_STANDARD = gnu99;
				GCC_NO_COMMON_BLOCKS = YES;
				GCC_WARN_64_TO_32_BIT_CONVERSION = YES;
				GCC_WARN_ABOUT_RETURN_TYPE = YES_ERROR;
				GCC_WARN_UNDECLARED_SELECTOR = YES;
				GCC_WARN_UNINITIALIZED_AUTOS = YES_AGGRESSIVE;
				GCC_WARN_UNUSED_FUNCTION = YES;
				GCC_WARN_UNUSED_VARIABLE = YES;
				IPHONEOS_DEPLOYMENT_TARGET = 9.2;
				MTL_ENABLE_DEBUG_INFO = NO;
				SDKROOT = iphoneos;
				TARGETED_DEVICE_FAMILY = "1,2";
				VALIDATE_PRODUCT = YES;
			};
			name = Release;
		};
		AEA630401CA25E59001E41BB /* Debug */ = {
			isa = XCBuildConfiguration;
			buildSettings = {
				ASSETCATALOG_COMPILER_APPICON_NAME = AppIcon;
				INFOPLIST_FILE = "my-little-monster/Info.plist";
				LD_RUNPATH_SEARCH_PATHS = "$(inherited) @executable_path/Frameworks";
				PRODUCT_BUNDLE_IDENTIFIER = "com.keller.my-little-monster";
				PRODUCT_NAME = "$(TARGET_NAME)";
			};
			name = Debug;
		};
		AEA630411CA25E59001E41BB /* Release */ = {
			isa = XCBuildConfiguration;
			buildSettings = {
				ASSETCATALOG_COMPILER_APPICON_NAME = AppIcon;
				INFOPLIST_FILE = "my-little-monster/Info.plist";
				LD_RUNPATH_SEARCH_PATHS = "$(inherited) @executable_path/Frameworks";
				PRODUCT_BUNDLE_IDENTIFIER = "com.keller.my-little-monster";
				PRODUCT_NAME = "$(TARGET_NAME)";
			};
			name = Release;
		};
/* End XCBuildConfiguration section */

/* Begin XCConfigurationList section */
		AEA630281CA25E59001E41BB /* Build configuration list for PBXProject "my-little-monster" */ = {
			isa = XCConfigurationList;
			buildConfigurations = (
				AEA6303D1CA25E59001E41BB /* Debug */,
				AEA6303E1CA25E59001E41BB /* Release */,
			);
			defaultConfigurationIsVisible = 0;
			defaultConfigurationName = Release;
		};
		AEA6303F1CA25E59001E41BB /* Build configuration list for PBXNativeTarget "my-little-monster" */ = {
			isa = XCConfigurationList;
			buildConfigurations = (
				AEA630401CA25E59001E41BB /* Debug */,
				AEA630411CA25E59001E41BB /* Release */,
			);
			defaultConfigurationIsVisible = 0;
			defaultConfigurationName = Release;
		};
/* End XCConfigurationList section */
	};
	rootObject = AEA630251CA25E59001E41BB /* Project object */;
}
